
Microsoft Visual Studio Solution File, Format Version 12.00
# Visual Studio Version 17
VisualStudioVersion = 17.7.34018.315
MinimumVisualStudioVersion = 10.0.40219.1
Project("{FAE04EC0-301F-11D3-BF4B-00C04F79EFBC}") = "ProductApi", "ProductApi\ProductApi.csproj", "{DA4B4BCA-0570-4B4C-994A-5BC637924876}"
EndProject
Project("{FAE04EC0-301F-11D3-BF4B-00C04F79EFBC}") = "ProductWeb", "ProductWeb\ProductWeb.csproj", "{8BAB647A-8B31-4980-AB8B-728D4D341D8E}"
EndProject
Global
	GlobalSection(SolutionConfigurationPlatforms) = preSolution
		Debug|Any CPU = Debug|Any CPU
		Release|Any CPU = Release|Any CPU
	EndGlobalSection
	GlobalSection(ProjectConfigurationPlatforms) = postSolution
		{DA4B4BCA-0570-4B4C-994A-5BC637924876}.Debug|Any CPU.ActiveCfg = Debug|Any CPU
		{DA4B4BCA-0570-4B4C-994A-5BC637924876}.Debug|Any CPU.Build.0 = Debug|Any CPU
		{DA4B4BCA-0570-4B4C-994A-5BC637924876}.Release|Any CPU.ActiveCfg = Release|Any CPU
		{DA4B4BCA-0570-4B4C-994A-5BC637924876}.Release|Any CPU.Build.0 = Release|Any CPU
		{8BAB647A-8B31-4980-AB8B-728D4D341D8E}.Debug|Any CPU.ActiveCfg = Debug|Any CPU
		{8BAB647A-8B31-4980-AB8B-728D4D341D8E}.Debug|Any CPU.Build.0 = Debug|Any CPU
		{8BAB647A-8B31-4980-AB8B-728D4D341D8E}.Release|Any CPU.ActiveCfg = Release|Any CPU
		{8BAB647A-8B31-4980-AB8B-728D4D341D8E}.Release|Any CPU.Build.0 = Release|Any CPU
	EndGlobalSection
	GlobalSection(SolutionProperties) = preSolution
		HideSolutionNode = FALSE
	EndGlobalSection
	GlobalSection(ExtensibilityGlobals) = postSolution
		SolutionGuid = {B38F407B-3064-4AD2-8FA4-D0B53EDDF188}
	EndGlobalSection
EndGlobal
